// !$*UTF8*$!
{
	archiveVersion = 1;
	classes = {
	};
	objectVersion = 77;
	objects = {

/* Begin PBXContainerItemProxy section */
		00080A0A2EACDC0900C6B2C5 /* PBXContainerItemProxy */ = {
			isa = PBXContainerItemProxy;
			containerPortal = 000809F12EACDC0700C6B2C5 /* Project object */;
			proxyType = 1;
			remoteGlobalIDString = 000809F82EACDC0700C6B2C5;
			remoteInfo = PoseDetection;
		};
		00080A142EACDC0900C6B2C5 /* PBXContainerItemProxy */ = {
			isa = PBXContainerItemProxy;
			containerPortal = 000809F12EACDC0700C6B2C5 /* Project object */;
			proxyType = 1;
			remoteGlobalIDString = 000809F82EACDC0700C6B2C5;
			remoteInfo = PoseDetection;
		};
/* End PBXContainerItemProxy section */

/* Begin PBXFileReference section */
		000809F92EACDC0700C6B2C5 /* PoseDetection.app */ = {isa = PBXFileReference; explicitFileType = wrapper.application; includeInIndex = 0; path = PoseDetection.app; sourceTree = BUILT_PRODUCTS_DIR; };
		00080A092EACDC0900C6B2C5 /* PoseDetectionTests.xctest */ = {isa = PBXFileReference; explicitFileType = wrapper.cfbundle; includeInIndex = 0; path = PoseDetectionTests.xctest; sourceTree = BUILT_PRODUCTS_DIR; };
		00080A132EACDC0900C6B2C5 /* PoseDetectionUITests.xctest */ = {isa = PBXFileReference; explicitFileType = wrapper.cfbundle; includeInIndex = 0; path = PoseDetectionUITests.xctest; sourceTree = BUILT_PRODUCTS_DIR; };
/* End PBXFileReference section */

/* Begin PBXFileSystemSynchronizedRootGroup section */
		000809FB2EACDC0700C6B2C5 /* PoseDetection */ = {
			isa = PBXFileSystemSynchronizedRootGroup;
			path = PoseDetection;
			sourceTree = "<group>";
		};
		00080A0C2EACDC0900C6B2C5 /* PoseDetectionTests */ = {
			isa = PBXFileSystemSynchronizedRootGroup;
			path = PoseDetectionTests;
			sourceTree = "<group>";
		};
		00080A162EACDC0900C6B2C5 /* PoseDetectionUITests */ = {
			isa = PBXFileSystemSynchronizedRootGroup;
			path = PoseDetectionUITests;
			sourceTree = "<group>";
		};
/* End PBXFileSystemSynchronizedRootGroup section */

/* Begin PBXFrameworksBuildPhase section */
		000809F62EACDC0700C6B2C5 /* Frameworks */ = {
			isa = PBXFrameworksBuildPhase;
			buildActionMask = 2147483647;
			files = (
			);
			runOnlyForDeploymentPostprocessing = 0;
		};
		00080A062EACDC0900C6B2C5 /* Frameworks */ = {
			isa = PBXFrameworksBuildPhase;
			buildActionMask = 2147483647;
			files = (
			);
			runOnlyForDeploymentPostprocessing = 0;
		};
		00080A102EACDC0900C6B2C5 /* Frameworks */ = {
			isa = PBXFrameworksBuildPhase;
			buildActionMask = 2147483647;
			files = (
			);
			runOnlyForDeploymentPostprocessing = 0;
		};
/* End PBXFrameworksBuildPhase section */

/* Begin PBXGroup section */
		000809F02EACDC0700C6B2C5 = {
			isa = PBXGroup;
			children = (
				000809FB2EACDC0700C6B2C5 /* PoseDetection */,
				00080A0C2EACDC0900C6B2C5 /* PoseDetectionTests */,
				00080A162EACDC0900C6B2C5 /* PoseDetectionUITests */,
				000809FA2EACDC0700C6B2C5 /* Products */,
			);
			sourceTree = "<group>";
		};
		000809FA2EACDC0700C6B2C5 /* Products */ = {
			isa = PBXGroup;
			children = (
				000809F92EACDC0700C6B2C5 /* PoseDetection.app */,
				00080A092EACDC0900C6B2C5 /* PoseDetectionTests.xctest */,
				00080A132EACDC0900C6B2C5 /* PoseDetectionUITests.xctest */,
			);
			name = Products;
			sourceTree = "<group>";
		};
/* End PBXGroup section */

/* Begin PBXNativeTarget section */
		000809F82EACDC0700C6B2C5 /* PoseDetection */ = {
			isa = PBXNativeTarget;
			buildConfigurationList = 00080A1D2EACDC0900C6B2C5 /* Build configuration list for PBXNativeTarget "PoseDetection" */;
			buildPhases = (
				000809F52EACDC0700C6B2C5 /* Sources */,
				000809F62EACDC0700C6B2C5 /* Frameworks */,
				000809F72EACDC0700C6B2C5 /* Resources */,
			);
			buildRules = (
			);
			dependencies = (
			);
			fileSystemSynchronizedGroups = (
				000809FB2EACDC0700C6B2C5 /* PoseDetection */,
			);
			name = PoseDetection;
			packageProductDependencies = (
			);
			productName = PoseDetection;
			productReference = 000809F92EACDC0700C6B2C5 /* PoseDetection.app */;
			productType = "com.apple.product-type.application";
		};
		00080A082EACDC0900C6B2C5 /* PoseDetectionTests */ = {
			isa = PBXNativeTarget;
			buildConfigurationList = 00080A202EACDC0900C6B2C5 /* Build configuration list for PBXNativeTarget "PoseDetectionTests" */;
			buildPhases = (
				00080A052EACDC0900C6B2C5 /* Sources */,
				00080A062EACDC0900C6B2C5 /* Frameworks */,
				00080A072EACDC0900C6B2C5 /* Resources */,
			);
			buildRules = (
			);
			dependencies = (
				00080A0B2EACDC0900C6B2C5 /* PBXTargetDependency */,
			);
			fileSystemSynchronizedGroups = (
				00080A0C2EACDC0900C6B2C5 /* PoseDetectionTests */,
			);
			name = PoseDetectionTests;
			packageProductDependencies = (
			);
			productName = PoseDetectionTests;
			productReference = 00080A092EACDC0900C6B2C5 /* PoseDetectionTests.xctest */;
			productType = "com.apple.product-type.bundle.unit-test";
		};
		00080A122EACDC0900C6B2C5 /* PoseDetectionUITests */ = {
			isa = PBXNativeTarget;
			buildConfigurationList = 00080A232EACDC0900C6B2C5 /* Build configuration list for PBXNativeTarget "PoseDetectionUITests" */;
			buildPhases = (
				00080A0F2EACDC0900C6B2C5 /* Sources */,
				00080A102EACDC0900C6B2C5 /* Frameworks */,
				00080A112EACDC0900C6B2C5 /* Resources */,
			);
			buildRules = (
			);
			dependencies = (
				00080A152EACDC0900C6B2C5 /* PBXTargetDependency */,
			);
			fileSystemSynchronizedGroups = (
				00080A162EACDC0900C6B2C5 /* PoseDetectionUITests */,
			);
			name = PoseDetectionUITests;
			packageProductDependencies = (
			);
			productName = PoseDetectionUITests;
			productReference = 00080A132EACDC0900C6B2C5 /* PoseDetectionUITests.xctest */;
			productType = "com.apple.product-type.bundle.ui-testing";
		};
/* End PBXNativeTarget section */

/* Begin PBXProject section */
		000809F12EACDC0700C6B2C5 /* Project object */ = {
			isa = PBXProject;
			attributes = {
				BuildIndependentTargetsInParallel = 1;
				LastSwiftUpdateCheck = 1620;
				LastUpgradeCheck = 1620;
				TargetAttributes = {
					000809F82EACDC0700C6B2C5 = {
						CreatedOnToolsVersion = 16.2;
					};
					00080A082EACDC0900C6B2C5 = {
						CreatedOnToolsVersion = 16.2;
						TestTargetID = 000809F82EACDC0700C6B2C5;
					};
					00080A122EACDC0900C6B2C5 = {
						CreatedOnToolsVersion = 16.2;
						TestTargetID = 000809F82EACDC0700C6B2C5;
					};
				};
			};
			buildConfigurationList = 000809F42EACDC0700C6B2C5 /* Build configuration list for PBXProject "PoseDetection" */;
			developmentRegion = en;
			hasScannedForEncodings = 0;
			knownRegions = (
				en,
				Base,
			);
			mainGroup = 000809F02EACDC0700C6B2C5;
			minimizedProjectReferenceProxies = 1;
			preferredProjectObjectVersion = 77;
			productRefGroup = 000809FA2EACDC0700C6B2C5 /* Products */;
			projectDirPath = "";
			projectRoot = "";
			targets = (
				000809F82EACDC0700C6B2C5 /* PoseDetection */,
				00080A082EACDC0900C6B2C5 /* PoseDetectionTests */,
				00080A122EACDC0900C6B2C5 /* PoseDetectionUITests */,
			);
		};
/* End PBXProject section */

/* Begin PBXResourcesBuildPhase section */
		000809F72EACDC0700C6B2C5 /* Resources */ = {
			isa = PBXResourcesBuildPhase;
			buildActionMask = 2147483647;
			files = (
			);
			runOnlyForDeploymentPostprocessing = 0;
		};
		00080A072EACDC0900C6B2C5 /* Resources */ = {
			isa = PBXResourcesBuildPhase;
			buildActionMask = 2147483647;
			files = (
			);
			runOnlyForDeploymentPostprocessing = 0;
		};
		00080A112EACDC0900C6B2C5 /* Resources */ = {
			isa = PBXResourcesBuildPhase;
			buildActionMask = 2147483647;
			files = (
			);
			runOnlyForDeploymentPostprocessing = 0;
		};
/* End PBXResourcesBuildPhase section */

/* Begin PBXSourcesBuildPhase section */
		000809F52EACDC0700C6B2C5 /* Sources */ = {
			isa = PBXSourcesBuildPhase;
			buildActionMask = 2147483647;
			files = (
			);
			runOnlyForDeploymentPostprocessing = 0;
		};
		00080A052EACDC0900C6B2C5 /* Sources */ = {
			isa = PBXSourcesBuildPhase;
			buildActionMask = 2147483647;
			files = (
			);
			runOnlyForDeploymentPostprocessing = 0;
		};
		00080A0F2EACDC0900C6B2C5 /* Sources */ = {
			isa = PBXSourcesBuildPhase;
			buildActionMask = 2147483647;
			files = (
			);
			runOnlyForDeploymentPostprocessing = 0;
		};
/* End PBXSourcesBuildPhase section */

/* Begin PBXTargetDependency section */
		00080A0B2EACDC0900C6B2C5 /* PBXTargetDependency */ = {
			isa = PBXTargetDependency;
			target = 000809F82EACDC0700C6B2C5 /* PoseDetection */;
			targetProxy = 00080A0A2EACDC0900C6B2C5 /* PBXContainerItemProxy */;
		};
		00080A152EACDC0900C6B2C5 /* PBXTargetDependency */ = {
			isa = PBXTargetDependency;
			target = 000809F82EACDC0700C6B2C5 /* PoseDetection */;
			targetProxy = 00080A142EACDC0900C6B2C5 /* PBXContainerItemProxy */;
		};
/* End PBXTargetDependency section */

/* Begin XCBuildConfiguration section */
		00080A1B2EACDC0900C6B2C5 /* Debug */ = {
			isa = XCBuildConfiguration;
			buildSettings = {
				ALWAYS_SEARCH_USER_PATHS = NO;
				ASSETCATALOG_COMPILER_GENERATE_SWIFT_ASSET_SYMBOL_EXTENSIONS = YES;
				CLANG_ANALYZER_NONNULL = YES;
				CLANG_ANALYZER_NUMBER_OBJECT_CONVERSION = YES_AGGRESSIVE;
				CLANG_CXX_LANGUAGE_STANDARD = "gnu++20";
				CLANG_ENABLE_MODULES = YES;
				CLANG_ENABLE_OBJC_ARC = YES;
				CLANG_ENABLE_OBJC_WEAK = YES;
				CLANG_WARN_BLOCK_CAPTURE_AUTORELEASING = YES;
				CLANG_WARN_BOOL_CONVERSION = YES;
				CLANG_WARN_COMMA = YES;
				CLANG_WARN_CONSTANT_CONVERSION = YES;
				CLANG_WARN_DEPRECATED_OBJC_IMPLEMENTATIONS = YES;
				CLANG_WARN_DIRECT_OBJC_ISA_USAGE = YES_ERROR;
				CLANG_WARN_DOCUMENTATION_COMMENTS = YES;
				CLANG_WARN_EMPTY_BODY = YES;
				CLANG_WARN_ENUM_CONVERSION = YES;
				CLANG_WARN_INFINITE_RECURSION = YES;
				CLANG_WARN_INT_CONVERSION = YES;
				CLANG_WARN_NON_LITERAL_NULL_CONVERSION = YES;
				CLANG_WARN_OBJC_IMPLICIT_RETAIN_SELF = YES;
				CLANG_WARN_OBJC_LITERAL_CONVERSION = YES;
				CLANG_WARN_OBJC_ROOT_CLASS = YES_ERROR;
				CLANG_WARN_QUOTED_INCLUDE_IN_FRAMEWORK_HEADER = YES;
				CLANG_WARN_RANGE_LOOP_ANALYSIS = YES;
				CLANG_WARN_STRICT_PROTOTYPES = YES;
				CLANG_WARN_SUSPICIOUS_MOVE = YES;
				CLANG_WARN_UNGUARDED_AVAILABILITY = YES_AGGRESSIVE;
				CLANG_WARN_UNREACHABLE_CODE = YES;
				CLANG_WARN__DUPLICATE_METHOD_MATCH = YES;
				COPY_PHASE_STRIP = NO;
				DEBUG_INFORMATION_FORMAT = dwarf;
				ENABLE_STRICT_OBJC_MSGSEND = YES;
				ENABLE_TESTABILITY = YES;
				ENABLE_USER_SCRIPT_SANDBOXING = YES;
				GCC_C_LANGUAGE_STANDARD = gnu17;
				GCC_DYNAMIC_NO_PIC = NO;
				GCC_NO_COMMON_BLOCKS = YES;
				GCC_OPTIMIZATION_LEVEL = 0;
				GCC_PREPROCESSOR_DEFINITIONS = (
					"DEBUG=1",
					"$(inherited)",
				);
				GCC_WARN_64_TO_32_BIT_CONVERSION = YES;
				GCC_WARN_ABOUT_RETURN_TYPE = YES_ERROR;
				GCC_WARN_UNDECLARED_SELECTOR = YES;
				GCC_WARN_UNINITIALIZED_AUTOS = YES_AGGRESSIVE;
				GCC_WARN_UNUSED_FUNCTION = YES;
				GCC_WARN_UNUSED_VARIABLE = YES;
				IPHONEOS_DEPLOYMENT_TARGET = 18.2;
				LOCALIZATION_PREFERS_STRING_CATALOGS = YES;
				MTL_ENABLE_DEBUG_INFO = INCLUDE_SOURCE;
				MTL_FAST_MATH = YES;
				ONLY_ACTIVE_ARCH = YES;
				SDKROOT = iphoneos;
				SWIFT_ACTIVE_COMPILATION_CONDITIONS = "DEBUG $(inherited)";
				SWIFT_OPTIMIZATION_LEVEL = "-Onone";
			};
			name = Debug;
		};
		00080A1C2EACDC0900C6B2C5 /* Release */ = {
			isa = XCBuildConfiguration;
			buildSettings = {
				ALWAYS_SEARCH_USER_PATHS = NO;
				ASSETCATALOG_COMPILER_GENERATE_SWIFT_ASSET_SYMBOL_EXTENSIONS = YES;
				CLANG_ANALYZER_NONNULL = YES;
				CLANG_ANALYZER_NUMBER_OBJECT_CONVERSION = YES_AGGRESSIVE;
				CLANG_CXX_LANGUAGE_STANDARD = "gnu++20";
				CLANG_ENABLE_MODULES = YES;
				CLANG_ENABLE_OBJC_ARC = YES;
				CLANG_ENABLE_OBJC_WEAK = YES;
				CLANG_WARN_BLOCK_CAPTURE_AUTORELEASING = YES;
				CLANG_WARN_BOOL_CONVERSION = YES;
				CLANG_WARN_COMMA = YES;
				CLANG_WARN_CONSTANT_CONVERSION = YES;
				CLANG_WARN_DEPRECATED_OBJC_IMPLEMENTATIONS = YES;
				CLANG_WARN_DIRECT_OBJC_ISA_USAGE = YES_ERROR;
				CLANG_WARN_DOCUMENTATION_COMMENTS = YES;
				CLANG_WARN_EMPTY_BODY = YES;
				CLANG_WARN_ENUM_CONVERSION = YES;
				CLANG_WARN_INFINITE_RECURSION = YES;
				CLANG_WARN_INT_CONVERSION = YES;
				CLANG_WARN_NON_LITERAL_NULL_CONVERSION = YES;
				CLANG_WARN_OBJC_IMPLICIT_RETAIN_SELF = YES;
				CLANG_WARN_OBJC_LITERAL_CONVERSION = YES;
				CLANG_WARN_OBJC_ROOT_CLASS = YES_ERROR;
				CLANG_WARN_QUOTED_INCLUDE_IN_FRAMEWORK_HEADER = YES;
				CLANG_WARN_RANGE_LOOP_ANALYSIS = YES;
				CLANG_WARN_STRICT_PROTOTYPES = YES;
				CLANG_WARN_SUSPICIOUS_MOVE = YES;
				CLANG_WARN_UNGUARDED_AVAILABILITY = YES_AGGRESSIVE;
				CLANG_WARN_UNREACHABLE_CODE = YES;
				CLANG_WARN__DUPLICATE_METHOD_MATCH = YES;
				COPY_PHASE_STRIP = NO;
				DEBUG_INFORMATION_FORMAT = "dwarf-with-dsym";
				ENABLE_NS_ASSERTIONS = NO;
				ENABLE_STRICT_OBJC_MSGSEND = YES;
				ENABLE_USER_SCRIPT_SANDBOXING = YES;
				GCC_C_LANGUAGE_STANDARD = gnu17;
				GCC_NO_COMMON_BLOCKS = YES;
				GCC_WARN_64_TO_32_BIT_CONVERSION = YES;
				GCC_WARN_ABOUT_RETURN_TYPE = YES_ERROR;
				GCC_WARN_UNDECLARED_SELECTOR = YES;
				GCC_WARN_UNINITIALIZED_AUTOS = YES_AGGRESSIVE;
				GCC_WARN_UNUSED_FUNCTION = YES;
				GCC_WARN_UNUSED_VARIABLE = YES;
				IPHONEOS_DEPLOYMENT_TARGET = 18.2;
				LOCALIZATION_PREFERS_STRING_CATALOGS = YES;
				MTL_ENABLE_DEBUG_INFO = NO;
				MTL_FAST_MATH = YES;
				SDKROOT = iphoneos;
				SWIFT_COMPILATION_MODE = wholemodule;
				VALIDATE_PRODUCT = YES;
			};
			name = Release;
		};
		00080A1E2EACDC0900C6B2C5 /* Debug */ = {
			isa = XCBuildConfiguration;
			buildSettings = {
				ASSETCATALOG_COMPILER_APPICON_NAME = AppIcon;
				ASSETCATALOG_COMPILER_GLOBAL_ACCENT_COLOR_NAME = AccentColor;
				CODE_SIGN_STYLE = Automatic;
				CURRENT_PROJECT_VERSION = 1;
				DEVELOPMENT_ASSET_PATHS = "\"PoseDetection/Preview Content\"";
				DEVELOPMENT_TEAM = 36D83335RC;
				ENABLE_PREVIEWS = YES;
				GENERATE_INFOPLIST_FILE = YES;
				INFOPLIST_KEY_UIApplicationSceneManifest_Generation = YES;
				INFOPLIST_KEY_UIApplicationSupportsIndirectInputEvents = YES;
				INFOPLIST_KEY_UILaunchScreen_Generation = YES;
				INFOPLIST_KEY_UISupportedInterfaceOrientations_iPad = "UIInterfaceOrientationPortrait UIInterfaceOrientationPortraitUpsideDown UIInterfaceOrientationLandscapeLeft UIInterfaceOrientationLandscapeRight";
				INFOPLIST_KEY_UISupportedInterfaceOrientations_iPhone = "UIInterfaceOrientationPortrait UIInterfaceOrientationLandscapeLeft UIInterfaceOrientationLandscapeRight";
				LD_RUNPATH_SEARCH_PATHS = (
					"$(inherited)",
					"@executable_path/Frameworks",
				);
				MARKETING_VERSION = 1.0;
				PRODUCT_BUNDLE_IDENTIFIER = io.github.codejunk1e.PoseDetection;
				PRODUCT_NAME = "$(TARGET_NAME)";
				SWIFT_EMIT_LOC_STRINGS = YES;
				SWIFT_VERSION = 5.0;
				TARGETED_DEVICE_FAMILY = "1,2";
			};
			name = Debug;
		};
		00080A1F2EACDC0900C6B2C5 /* Release */ = {
			isa = XCBuildConfiguration;
			buildSettings = {
				ASSETCATALOG_COMPILER_APPICON_NAME = AppIcon;
				ASSETCATALOG_COMPILER_GLOBAL_ACCENT_COLOR_NAME = AccentColor;
				CODE_SIGN_STYLE = Automatic;
				CURRENT_PROJECT_VERSION = 1;
				DEVELOPMENT_ASSET_PATHS = "\"PoseDetection/Preview Content\"";
				DEVELOPMENT_TEAM = 36D83335RC;
				ENABLE_PREVIEWS = YES;
				GENERATE_INFOPLIST_FILE = YES;
				INFOPLIST_KEY_UIApplicationSceneManifest_Generation = YES;
				INFOPLIST_KEY_UIApplicationSupportsIndirectInputEvents = YES;
				INFOPLIST_KEY_UILaunchScreen_Generation = YES;
				INFOPLIST_KEY_UISupportedInterfaceOrientations_iPad = "UIInterfaceOrientationPortrait UIInterfaceOrientationPortraitUpsideDown UIInterfaceOrientationLandscapeLeft UIInterfaceOrientationLandscapeRight";
				INFOPLIST_KEY_UISupportedInterfaceOrientations_iPhone = "UIInterfaceOrientationPortrait UIInterfaceOrientationLandscapeLeft UIInterfaceOrientationLandscapeRight";
				LD_RUNPATH_SEARCH_PATHS = (
					"$(inherited)",
					"@executable_path/Frameworks",
				);
				MARKETING_VERSION = 1.0;
				PRODUCT_BUNDLE_IDENTIFIER = io.github.codejunk1e.PoseDetection;
				PRODUCT_NAME = "$(TARGET_NAME)";
				SWIFT_EMIT_LOC_STRINGS = YES;
				SWIFT_VERSION = 5.0;
				TARGETED_DEVICE_FAMILY = "1,2";
			};
			name = Release;
		};
		00080A212EACDC0900C6B2C5 /* Debug */ = {
			isa = XCBuildConfiguration;
			buildSettings = {
				BUNDLE_LOADER = "$(TEST_HOST)";
				CODE_SIGN_STYLE = Automatic;
				CURRENT_PROJECT_VERSION = 1;
				DEVELOPMENT_TEAM = 36D83335RC;
				GENERATE_INFOPLIST_FILE = YES;
				IPHONEOS_DEPLOYMENT_TARGET = 18.2;
				MARKETING_VERSION = 1.0;
				PRODUCT_BUNDLE_IDENTIFIER = io.github.codejunk1e.PoseDetectionTests;
				PRODUCT_NAME = "$(TARGET_NAME)";
				SWIFT_EMIT_LOC_STRINGS = NO;
				SWIFT_VERSION = 5.0;
				TARGETED_DEVICE_FAMILY = "1,2";
				TEST_HOST = "$(BUILT_PRODUCTS_DIR)/PoseDetection.app/$(BUNDLE_EXECUTABLE_FOLDER_PATH)/PoseDetection";
			};
			name = Debug;
		};
		00080A222EACDC0900C6B2C5 /* Release */ = {
			isa = XCBuildConfiguration;
			buildSettings = {
				BUNDLE_LOADER = "$(TEST_HOST)";
				CODE_SIGN_STYLE = Automatic;
				CURRENT_PROJECT_VERSION = 1;
				DEVELOPMENT_TEAM = 36D83335RC;
				GENERATE_INFOPLIST_FILE = YES;
				IPHONEOS_DEPLOYMENT_TARGET = 18.2;
				MARKETING_VERSION = 1.0;
				PRODUCT_BUNDLE_IDENTIFIER = io.github.codejunk1e.PoseDetectionTests;
				PRODUCT_NAME = "$(TARGET_NAME)";
				SWIFT_EMIT_LOC_STRINGS = NO;
				SWIFT_VERSION = 5.0;
				TARGETED_DEVICE_FAMILY = "1,2";
				TEST_HOST = "$(BUILT_PRODUCTS_DIR)/PoseDetection.app/$(BUNDLE_EXECUTABLE_FOLDER_PATH)/PoseDetection";
			};
			name = Release;
		};
		00080A242EACDC0900C6B2C5 /* Debug */ = {
			isa = XCBuildConfiguration;
			buildSettings = {
				CODE_SIGN_STYLE = Automatic;
				CURRENT_PROJECT_VERSION = 1;
				DEVELOPMENT_TEAM = 36D83335RC;
				GENERATE_INFOPLIST_FILE = YES;
				MARKETING_VERSION = 1.0;
				PRODUCT_BUNDLE_IDENTIFIER = io.github.codejunk1e.PoseDetectionUITests;
				PRODUCT_NAME = "$(TARGET_NAME)";
				SWIFT_EMIT_LOC_STRINGS = NO;
				SWIFT_VERSION = 5.0;
				TARGETED_DEVICE_FAMILY = "1,2";
				TEST_TARGET_NAME = PoseDetection;
			};
			name = Debug;
		};
		00080A252EACDC0900C6B2C5 /* Release */ = {
			isa = XCBuildConfiguration;
			buildSettings = {
				CODE_SIGN_STYLE = Automatic;
				CURRENT_PROJECT_VERSION = 1;
				DEVELOPMENT_TEAM = 36D83335RC;
				GENERATE_INFOPLIST_FILE = YES;
				MARKETING_VERSION = 1.0;
				PRODUCT_BUNDLE_IDENTIFIER = io.github.codejunk1e.PoseDetectionUITests;
				PRODUCT_NAME = "$(TARGET_NAME)";
				SWIFT_EMIT_LOC_STRINGS = NO;
				SWIFT_VERSION = 5.0;
				TARGETED_DEVICE_FAMILY = "1,2";
				TEST_TARGET_NAME = PoseDetection;
			};
			name = Release;
		};
/* End XCBuildConfiguration section */

/* Begin XCConfigurationList section */
		000809F42EACDC0700C6B2C5 /* Build configuration list for PBXProject "PoseDetection" */ = {
			isa = XCConfigurationList;
			buildConfigurations = (
				00080A1B2EACDC0900C6B2C5 /* Debug */,
				00080A1C2EACDC0900C6B2C5 /* Release */,
			);
			defaultConfigurationIsVisible = 0;
			defaultConfigurationName = Release;
		};
		00080A1D2EACDC0900C6B2C5 /* Build configuration list for PBXNativeTarget "PoseDetection" */ = {
			isa = XCConfigurationList;
			buildConfigurations = (
				00080A1E2EACDC0900C6B2C5 /* Debug */,
				00080A1F2EACDC0900C6B2C5 /* Release */,
			);
			defaultConfigurationIsVisible = 0;
			defaultConfigurationName = Release;
		};
		00080A202EACDC0900C6B2C5 /* Build configuration list for PBXNativeTarget "PoseDetectionTests" */ = {
			isa = XCConfigurationList;
			buildConfigurations = (
				00080A212EACDC0900C6B2C5 /* Debug */,
				00080A222EACDC0900C6B2C5 /* Release */,
			);
			defaultConfigurationIsVisible = 0;
			defaultConfigurationName = Release;
		};
		00080A232EACDC0900C6B2C5 /* Build configuration list for PBXNativeTarget "PoseDetectionUITests" */ = {
			isa = XCConfigurationList;
			buildConfigurations = (
				00080A242EACDC0900C6B2C5 /* Debug */,
				00080A252EACDC0900C6B2C5 /* Release */,
			);
			defaultConfigurationIsVisible = 0;
			defaultConfigurationName = Release;
		};
/* End XCConfigurationList section */
	};
	rootObject = 000809F12EACDC0700C6B2C5 /* Project object */;
}
